{
  "version": "5",
  "specifiers": {
    "jsr:@db/postgres@0.19": "0.19.5",
    "jsr:@hono/hono@4": "4.12.31",
    "jsr:@std/assert@1": "1.0.19",
    "jsr:@std/bytes@^1.0.5": "1.0.6",
    "jsr:@std/cli@^1.0.32": "1.0.32",
    "jsr:@std/crypto@^1.0.4": "1.1.0",
    "jsr:@std/encoding@^1.0.11": "1.0.11",
    "jsr:@std/encoding@^1.0.9": "1.0.11",
    "jsr:@std/fmt@^1.0.10": "1.0.10",
    "jsr:@std/fmt@^1.0.6": "1.0.9",
    "jsr:@std/fs@^1.0.24": "1.0.24",
    "jsr:@std/html@^1.0.7": "1.0.7",
    "jsr:@std/http@1": "1.1.3",
    "jsr:@std/internal@^1.0.12": "1.0.14",
    "jsr:@std/internal@^1.0.14": "1.0.14",
    "jsr:@std/media-types@^1.1.0": "1.1.0",
    "jsr:@std/net@^1.0.6": "1.0.6",
    "jsr:@std/path@1": "1.1.6",
    "jsr:@std/path@^1.0.8": "1.1.6",
    "jsr:@std/path@^1.1.6": "1.1.6",
    "jsr:@std/streams@^1.1.2": "1.1.2",
    "jsr:@streemkit/inertia-deno@0.3": "0.3.0"
  },
  "jsr": {
    "@db/postgres@0.19.5": {
      "integrity": "afdbe608bd066cda2ee5dba37c416d332098b9238c51aec223331108e281954c",
      "dependencies": [
        "jsr:@std/bytes",
        "jsr:@std/crypto",
        "jsr:@std/encoding@^1.0.9",
        "jsr:@std/fmt@^1.0.6",
        "jsr:@std/path@^1.0.8"
      ]
    },
    "@hono/hono@4.12.31": {
      "integrity": "6a31d6811a4e217ab7c59655e68f881372c39e191ace73e4aeed02fc1227185d"
    },
    "@std/assert@1.0.19": {
      "integrity": "eaada96ee120cb980bc47e040f82814d786fe8162ecc53c91d8df60b8755991e",
      "dependencies": [
        "jsr:@std/internal@^1.0.12"
      ]
    },
    "@std/bytes@1.0.6": {
      "integrity": "f6ac6adbd8ccd99314045f5703e23af0a68d7f7e58364b47d2c7f408aeb5820a"
    },
    "@std/cli@1.0.32": {
      "integrity": "188b3a100d6202d64e3f5bd3d799c7fa4f6d77f92cc65eb7f641c1fa0aa92a66"
    },
    "@std/crypto@1.1.0": {
      "integrity": "b8d6d0a6377a32b213af2661ed7bf1062d94feac0c57def5526a8e74a95c3ec8"
    },
    "@std/encoding@1.0.11": {
      "integrity": "e7cef2f0b3153bccc17431e7c864a1de03a4b6d9647389c43e08aaa775d37385"
    },
    "@std/fmt@1.0.9": {
      "integrity": "2487343e8899fb2be5d0e3d35013e54477ada198854e52dd05ed0422eddcabe0"
    },
    "@std/fmt@1.0.10": {
      "integrity": "90dfba288802ac6de82fb31d0917eb9e4450b9925b954d5e51fc29ac07419db5"
    },
    "@std/fs@1.0.24": {
      "integrity": "f3061b45b81673a2bece689da041df32d174be064c89eb6397fb5718d3fb7877"
    },
    "@std/html@1.0.7": {
      "integrity": "175c818905a6e75743c69c251395e273d82698e58cfe7dd76268d70e28b8d8fe"
    },
    "@std/http@1.1.2": {
      "integrity": "1c0473590d5e5b75b30b2be4833c08047dd799aeea35624fd34ec58d67fc9240"
    },
    "@std/http@1.1.3": {
      "integrity": "73a98e05ff58aa18bea562d286172e6c815b1eddd4fcab194beda19e3683b88c",
      "dependencies": [
        "jsr:@std/cli",
        "jsr:@std/encoding@^1.0.11",
        "jsr:@std/fmt@^1.0.10",
        "jsr:@std/fs",
        "jsr:@std/html",
        "jsr:@std/media-types",
        "jsr:@std/net",
        "jsr:@std/path@^1.1.6",
        "jsr:@std/streams"
      ]
    },
    "@std/internal@1.0.14": {
      "integrity": "291516b3d4c35024d6ffbc0a9df5bf4c64116e05b50012cf846710152d2ffdf7"
    },
    "@std/media-types@1.1.0": {
      "integrity": "c9d093f0c05c3512932b330e3cc1fe1d627b301db33a4c2c2185c02471d6eaa4"
    },
    "@std/net@1.0.6": {
      "integrity": "110735f93e95bb9feb95790a8b1d1bf69ec0dc74f3f97a00a76ea5efea25500c"
    },
    "@std/path@1.1.6": {
      "integrity": "c68485c2a4dfbb5ae3cc74fae4e8c4e5d874cf8a8ed12927917235c758b46cbe",
      "dependencies": [
        "jsr:@std/internal@^1.0.14"
      ]
    },
    "@std/streams@1.1.2": {
      "integrity": "0249bf9b78a999f57032ca4d8e7ccaa57579090242640b35ddc948fbb745d3af"
    },
    "@streemkit/inertia-deno@0.3.0": {
      "integrity": "0ae00d84f27705a285bb6775eb358d814d9c53d04f7683196b578f2454784fc8",
      "dependencies": [
        "jsr:@hono/hono"
      ]
    }
  },
  "workspace": {
    "dependencies": [
      "jsr:@db/postgres@0.19",
      "jsr:@hono/hono@4",
      "jsr:@streemkit/inertia-deno@0.3"
    ],
    "packageJson": {
      "dependencies": [
        "npm:@electric-sql/pglite@~0.2.17",
        "npm:@inertiajs/vue3@^3.3.1",
        "npm:@lucide/vue@^1.21.0",
        "npm:@phosphor-icons/vue@^2.2.1",
        "npm:@tailwindcss/vite@^4.3.0",
        "npm:@tanstack/vue-table@^8.21.3",
        "npm:@types/node@^26.0.1",
        "npm:@vitejs/plugin-vue@^6.0.7",
        "npm:@vueuse/core@^14.3.0",
        "npm:class-variance-authority@~0.7.1",
        "npm:clsx@^2.1.1",
        "npm:reka-ui@^2.10.1",
        "npm:shadcn-vue@^2.7.4",
        "npm:tailwind-merge@^3.6.0",
        "npm:tailwindcss@^4.3.0",
        "npm:tw-animate-css@^1.4.0",
        "npm:typescript@^6.0.3",
        "npm:vite@^8.0.16",
        "npm:vitepress@^1.6.4",
        "npm:vue-i18n@^11.1.14",
        "npm:vue-sonner@^2.0.9",
        "npm:vue@^3.5.35"
      ]
    }
  }
}
